# THIS IS AN AUTOGENERATED FILE. DO NOT EDIT THIS FILE DIRECTLY.
# yarn lockfile v1


"@arcana/auth@^1.0.2":
  version "1.0.2"
  resolved "https://registry.yarnpkg.com/@arcana/auth/-/auth-1.0.2.tgz#ce03785b9fd2b2ba4d5c8113286c45f78d170ce7"
  integrity sha512-U+eZunnbMUmTLiJUNJtzicnehm8Lwu9IVIOoRB7NYoYl5ct7/gOWrE21xsMT7VHilJHW0tNZZJxmWHYX8XQPHw==
  dependencies:
    "@metamask/safe-event-emitter" "^2.0.0"
    eth-rpc-errors "^4.0.3"
    penpal "^6.0.1"

"@metamask/safe-event-emitter@^2.0.0":
  version "2.0.0"
  resolved "https://registry.yarnpkg.com/@metamask/safe-event-emitter/-/safe-event-emitter-2.0.0.tgz#af577b477c683fad17c619a78208cede06f9605c"
  integrity sha512-/kSXhY692qiV1MXu6EeOZvg5nECLclxNXcKCxJ3cXQgYuRymRHpdx/t7JXfsK+JLjwA1e1c1/SBrlQYpusC29Q==

eth-rpc-errors@^4.0.3:
  version "4.0.3"
  resolved "https://registry.yarnpkg.com/eth-rpc-errors/-/eth-rpc-errors-4.0.3.tgz#6ddb6190a4bf360afda82790bb7d9d5e724f423a"
  integrity sha512-Z3ymjopaoft7JDoxZcEb3pwdGh7yiYMhOwm2doUt6ASXlMavpNlK6Cre0+IMl2VSGyEU9rkiperQhp5iRxn5Pg==
  dependencies:
    fast-safe-stringify "^2.0.6"

fast-safe-stringify@^2.0.6:
  version "2.1.1"
  resolved "https://registry.yarnpkg.com/fast-safe-stringify/-/fast-safe-stringify-2.1.1.tgz#c406a83b6e70d9e35ce3b30a81141df30aeba884"
  integrity sha512-W+KJc2dmILlPplD/H4K9l9LcAHAfPtP6BY84uVLXQ6Evcz9Lcg33Y2z1IVblT6xdY54PXYVHEv+0Wpq8Io6zkA==

penpal@^6.0.1:
  version "6.2.2"
  resolved "https://registry.yarnpkg.com/penpal/-/penpal-6.2.2.tgz#20a0a0592881a959e8c87116d854f9528b1aa601"
  integrity sha512-RQD7hTx14/LY7QoS3tQYO3/fzVtwvZI+JeS5udgsu7FPaEDjlvfK9HBcme9/ipzSPKnrxSgacI9PI7154W62YQ==
